
Microsoft Visual Studio Solution File, Format Version 12.00
# Visual Studio Version 17
VisualStudioVersion = 17.14.36429.23 d17.14
MinimumVisualStudioVersion = 10.0.40219.1
Project("{FAE04EC0-301F-11D3-BF4B-00C04F79EFBC}") = "CosmicSystem", "CosmicSystem\CosmicSystem.csproj", "{36CB84DA-5CCE-4850-BF2A-9F864E96C816}"
EndProject
Global
	GlobalSection(SolutionConfigurationPlatforms) = preSolution
		Debug|Any CPU = Debug|Any CPU
		Release|Any CPU = Release|Any CPU
	EndGlobalSection
	GlobalSection(ProjectConfigurationPlatforms) = postSolution
		{36CB84DA-5CCE-4850-BF2A-9F864E96C816}.Debug|Any CPU.ActiveCfg = Debug|Any CPU
		{36CB84DA-5CCE-4850-BF2A-9F864E96C816}.Debug|Any CPU.Build.0 = Debug|Any CPU
		{36CB84DA-5CCE-4850-BF2A-9F864E96C816}.Release|Any CPU.ActiveCfg = Release|Any CPU
		{36CB84DA-5CCE-4850-BF2A-9F864E96C816}.Release|Any CPU.Build.0 = Release|Any CPU
	EndGlobalSection
	GlobalSection(SolutionProperties) = preSolution
		HideSolutionNode = FALSE
	EndGlobalSection
	GlobalSection(ExtensibilityGlobals) = postSolution
		SolutionGuid = {BC58A356-2F19-4E54-85A0-CF4843C0A37F}
	EndGlobalSection
EndGlobal
