
Microsoft Visual Studio Solution File, Format Version 12.00
# Visual Studio Version 17
VisualStudioVersion = 17.14.36429.23 d17.14
MinimumVisualStudioVersion = 10.0.40219.1
Project("{FAE04EC0-301F-11D3-BF4B-00C04F79EFBC}") = "Clasters", "Clasters\Clasters.csproj", "{82E939BA-6DE7-4C48-813F-3BD815A04C63}"
EndProject
Global
	GlobalSection(SolutionConfigurationPlatforms) = preSolution
		Debug|Any CPU = Debug|Any CPU
		Release|Any CPU = Release|Any CPU
	EndGlobalSection
	GlobalSection(ProjectConfigurationPlatforms) = postSolution
		{82E939BA-6DE7-4C48-813F-3BD815A04C63}.Debug|Any CPU.ActiveCfg = Debug|Any CPU
		{82E939BA-6DE7-4C48-813F-3BD815A04C63}.Debug|Any CPU.Build.0 = Debug|Any CPU
		{82E939BA-6DE7-4C48-813F-3BD815A04C63}.Release|Any CPU.ActiveCfg = Release|Any CPU
		{82E939BA-6DE7-4C48-813F-3BD815A04C63}.Release|Any CPU.Build.0 = Release|Any CPU
	EndGlobalSection
	GlobalSection(SolutionProperties) = preSolution
		HideSolutionNode = FALSE
	EndGlobalSection
	GlobalSection(ExtensibilityGlobals) = postSolution
		SolutionGuid = {EAD72AC6-C851-4358-91B8-1085424FD680}
	EndGlobalSection
EndGlobal
